# THIS IS AN AUTOGENERATED FILE. DO NOT EDIT THIS FILE DIRECTLY.
# yarn lockfile v1


bash-color@0.0.4:
  version "0.0.4"
  resolved "https://registry.yarnpkg.com/bash-color/-/bash-color-0.0.4.tgz#e9be8ce33540cada4881768c59bd63865736e913"
  integrity sha1-6b6M4zVAytpIgXaMWb1jhlc26RM=

commander@^2.8.1:
  version "2.20.3"
  resolved "https://registry.yarnpkg.com/commander/-/commander-2.20.3.tgz#fd485e84c03eb4881c20722ba48035e8531aeb33"
  integrity sha512-GpVkmM8vF2vQUkj2LvZmD35JxeJOLCwJ9cUkugyk2nuhbv3+mJvpLYYt+0+USMxE+oj+ey/lJEnhZw75x/OMcQ==

commander@^6.1.0:
  version "6.2.1"
  resolved "https://registry.yarnpkg.com/commander/-/commander-6.2.1.tgz#0792eb682dfbc325999bb2b84fddddba110ac73c"
  integrity sha512-U7VdrJFnJgo4xjrHpTzu0yrHPGImdsmD95ZlgYSEajAn2JKzDhDTPG9kBTefmObL2w/ngeZnilk+OV9CG3d7UA==

data.task@^3.1.2:
  version "3.1.2"
  resolved "https://registry.yarnpkg.com/data.task/-/data.task-3.1.2.tgz#f61511339ad5c5ac6f417cc2666b95153dc7448d"
  integrity sha512-gGDjno8m/FS1kdMU3EmKcLaO1enFyfCV/EscvDZ4+KZDSg9xHePa2VFfWd+QO5PUp18NdCIziOpaSUE4Efw8/w==

esprima@^4.0.1:
  version "4.0.1"
  resolved "https://registry.yarnpkg.com/esprima/-/esprima-4.0.1.tgz#13b04cdb3e6c5d19df91ab6987a8695619b0aa71"
  integrity sha512-eGuFFw7Upda+g4p+QHvnW0RyTX/SVeJBDM/gCtMARO0cLuT2HcEKnTPvhjV6aGeqrCB/sbNop0Kszm0jsaWU4A==

estraverse@^5.2.0:
  version "5.2.0"
  resolved "https://registry.yarnpkg.com/estraverse/-/estraverse-5.2.0.tgz#307df42547e6cc7324d3cf03c155d5cdb8c53880"
  integrity sha512-BxbNGGNm0RyRYvUdHpIwv9IWzeM9XClbOxwoATuFdOE7ZE6wHL+HQ5T8hoPM+zHvmKzzsEqhgy0GrQ5X13afiQ==

moment@^2.29.0:
  version "2.29.4"
  resolved "https://registry.yarnpkg.com/moment/-/moment-2.29.4.tgz#3dbe052889fe7c1b2ed966fcb3a77328964ef108"
  integrity sha512-5LC9SOxjSc2HF6vO2CyuTDNivEdoz2IvyJJGj6X8DJ0eFyfszE0QiEd+iXmBvUP3WHxSjFH/vIsA0EN00cgr8w==

node-nailgun-client@^0.1.0:
  version "0.1.2"
  resolved "https://registry.yarnpkg.com/node-nailgun-client/-/node-nailgun-client-0.1.2.tgz#c8ee2f8226664020192e4936cacaadf9aa13ae29"
  integrity sha512-OC611lR0fsDUSptwnhBf8d3sj4DZ5fiRKfS2QaGPe0kR3Dt9YoZr1MY7utK0scFPTbXuQdSBBbeoKYVbME1q5g==
  dependencies:
    commander "^2.8.1"

node-nailgun-server@^0.1.4:
  version "0.1.4"
  resolved "https://registry.yarnpkg.com/node-nailgun-server/-/node-nailgun-server-0.1.4.tgz#80cbf1af37611030c60aa88be72d657994df50d4"
  integrity sha512-e0Hbh6XPb/7GqATJ45BePaUEO5AwR7InRW/pGeMKHH1cqPMBFCeqdBNfvi+bkVLnsbYOOQE+pAek9nmNoD8sYw==
  dependencies:
    commander "^2.8.1"

node-plantuml@^0.9.0:
  version "0.9.0"
  resolved "https://registry.yarnpkg.com/node-plantuml/-/node-plantuml-0.9.0.tgz#7a6cd34c7c26fbdd3124b1f792974ed6446addcb"
  integrity sha512-bUnntTGjbpYu1pvXZI/GS6ctcXf3AOMqJxBMO8vFzTT5RwH8Cj/J5Ca6Dy+PEfMiMDdSBCFKSGnvYyBvYnucXg==
  dependencies:
    commander "^2.8.1"
    node-nailgun-client "^0.1.0"
    node-nailgun-server "^0.1.4"
    plantuml-encoder "^1.2.5"

plantuml-encoder@^1.2.5:
  version "1.4.0"
  resolved "https://registry.yarnpkg.com/plantuml-encoder/-/plantuml-encoder-1.4.0.tgz#7899302cf785de956bf1a167e15420feee5975f7"
  integrity sha512-sxMwpDw/ySY1WB2CE3+IdMuEcWibJ72DDOsXLkSmEaSzwEUaYBT6DWgOfBiHGCux4q433X6+OEFWjlVqp7gL6g==

ramda@^0.27.1:
  version "0.27.1"
  resolved "https://registry.yarnpkg.com/ramda/-/ramda-0.27.1.tgz#66fc2df3ef873874ffc2da6aa8984658abacf5c9"
  integrity sha512-PgIdVpn5y5Yns8vqb8FzBUEYn98V3xcPgawAkkgj0YJ0qDsnHCiNmZYfOGMgOvoB0eWFLpYbhxUR3mxfDIMvpw==
